
Microsoft Visual Studio Solution File, Format Version 12.00
# Visual Studio Version 17
VisualStudioVersion = 17.14.36429.23
MinimumVisualStudioVersion = 10.0.40219.1
Project("{FAE04EC0-301F-11D3-BF4B-00C04F79EFBC}") = "EDMS", "EDMS\EDMS.csproj", "{CD4E9F32-8DA4-49AF-A4D2-C53F56153FE9}"
EndProject
Global
	GlobalSection(SolutionConfigurationPlatforms) = preSolution
		Debug|Any CPU = Debug|Any CPU
		Release|Any CPU = Release|Any CPU
	EndGlobalSection
	GlobalSection(ProjectConfigurationPlatforms) = postSolution
		{CD4E9F32-8DA4-49AF-A4D2-C53F56153FE9}.Debug|Any CPU.ActiveCfg = Debug|Any CPU
		{CD4E9F32-8DA4-49AF-A4D2-C53F56153FE9}.Debug|Any CPU.Build.0 = Debug|Any CPU
		{CD4E9F32-8DA4-49AF-A4D2-C53F56153FE9}.Release|Any CPU.ActiveCfg = Release|Any CPU
		{CD4E9F32-8DA4-49AF-A4D2-C53F56153FE9}.Release|Any CPU.Build.0 = Release|Any CPU
	EndGlobalSection
	GlobalSection(SolutionProperties) = preSolution
		HideSolutionNode = FALSE
	EndGlobalSection
	GlobalSection(ExtensibilityGlobals) = postSolution
		SolutionGuid = {428D0D0D-DA2F-4429-AC6A-81AD59E4C604}
	EndGlobalSection
EndGlobal
